
Microsoft Visual Studio Solution File, Format Version 11.00
# Visual Studio 2010
Project("{FAE04EC0-301F-11D3-BF4B-00C04F79EFBC}") = "LiftSimulation", "LiftSimulation\LiftSimulation.csproj", "{F246B580-9A79-4ED8-94C3-82C3A36871FC}"
EndProject
Global
	GlobalSection(SolutionConfigurationPlatforms) = preSolution
		Debug|x86 = Debug|x86
		Release|x86 = Release|x86
	EndGlobalSection
	GlobalSection(ProjectConfigurationPlatforms) = postSolution
		{F246B580-9A79-4ED8-94C3-82C3A36871FC}.Debug|x86.ActiveCfg = Debug|x86
		{F246B580-9A79-4ED8-94C3-82C3A36871FC}.Debug|x86.Build.0 = Debug|x86
		{F246B580-9A79-4ED8-94C3-82C3A36871FC}.Release|x86.ActiveCfg = Release|x86
		{F246B580-9A79-4ED8-94C3-82C3A36871FC}.Release|x86.Build.0 = Release|x86
	EndGlobalSection
	GlobalSection(SolutionProperties) = preSolution
		HideSolutionNode = FALSE
	EndGlobalSection
EndGlobal
